{
  "name": "phaserprac1",
  "version": "1.0.0",
  "lockfileVersion": 3,
  "requires": true,
  "packages": {
    "": {
      "name": "phaserprac1",
      "version": "1.0.0",
      "license": "ISC",
      "dependencies": {
        "phaser": "^3.70.0"
      },
      "devDependencies": {
        "typescript": "^5.3.3"
      }
    },
    "node_modules/eventemitter3": {
      "version": "5.0.1",
      "resolved": "https://registry.npmjs.org/eventemitter3/-/eventemitter3-5.0.1.tgz",
      "integrity": "sha512-GWkBvjiSZK87ELrYOSESUYeVIc9mvLLf/nXalMOS5dYrgZq9o5OVkbZAVM06CVxYsCwH9BDZFPlQTlPA1j4ahA=="
    },
    "node_modules/phaser": {
      "version": "3.70.0",
      "resolved": "https://registry.npmjs.org/phaser/-/phaser-3.70.0.tgz",
      "integrity": "sha512-2g+gh+Jp9f/Ho9FOXOYbIJMGf3UZXyMbW2iLScFaLQw11e/LqVyxj/YmaBauWbHabeTnZjiWkPklDnxhesMH0g==",
      "dependencies": {
        "eventemitter3": "^5.0.1"
      }
    },
    "node_modules/typescript": {
      "version": "5.3.3",
      "resolved": "https://registry.npmjs.org/typescript/-/typescript-5.3.3.tgz",
      "integrity": "sha512-pXWcraxM0uxAS+tN0AG/BF2TyqmHO014Z070UsJ+pFvYuRSq8KH8DmWpnbXe0pEPDHXZV3FcAbJkijJ5oNEnWw==",
      "dev": true,
      "bin": {
        "tsc": "bin/tsc",
        "tsserver": "bin/tsserver"
      },
      "engines": {
        "node": ">=14.17"
      }
    }
  }
}
